
Microsoft Visual Studio Solution File, Format Version 12.00
# Visual Studio Version 17
VisualStudioVersion = 17.3.32811.315
MinimumVisualStudioVersion = 10.0.40219.1
Project("{FAE04EC0-301F-11D3-BF4B-00C04F79EFBC}") = "FibonacciOrnek", "FibonacciOrnek\FibonacciOrnek.csproj", "{532E98CC-54E8-4A8E-84C6-93D381DF8AEB}"
EndProject
Global
	GlobalSection(SolutionConfigurationPlatforms) = preSolution
		Debug|Any CPU = Debug|Any CPU
		Release|Any CPU = Release|Any CPU
	EndGlobalSection
	GlobalSection(ProjectConfigurationPlatforms) = postSolution
		{532E98CC-54E8-4A8E-84C6-93D381DF8AEB}.Debug|Any CPU.ActiveCfg = Debug|Any CPU
		{532E98CC-54E8-4A8E-84C6-93D381DF8AEB}.Debug|Any CPU.Build.0 = Debug|Any CPU
		{532E98CC-54E8-4A8E-84C6-93D381DF8AEB}.Release|Any CPU.ActiveCfg = Release|Any CPU
		{532E98CC-54E8-4A8E-84C6-93D381DF8AEB}.Release|Any CPU.Build.0 = Release|Any CPU
	EndGlobalSection
	GlobalSection(SolutionProperties) = preSolution
		HideSolutionNode = FALSE
	EndGlobalSection
	GlobalSection(ExtensibilityGlobals) = postSolution
		SolutionGuid = {35D6FFAA-E60F-4BC5-A024-87892865AEC8}
	EndGlobalSection
EndGlobal
